
Microsoft Visual Studio Solution File, Format Version 12.00
# Visual Studio Version 17
VisualStudioVersion = 17.2.32516.85
MinimumVisualStudioVersion = 10.0.40219.1
Project("{FAE04EC0-301F-11D3-BF4B-00C04F79EFBC}") = "Serial_Exercicio", "Serial_Exercicio.csproj", "{915CB8A2-19EC-4C5B-BA8E-E56C77D6F853}"
EndProject
Global
	GlobalSection(SolutionConfigurationPlatforms) = preSolution
		Debug|Any CPU = Debug|Any CPU
		Release|Any CPU = Release|Any CPU
	EndGlobalSection
	GlobalSection(ProjectConfigurationPlatforms) = postSolution
		{915CB8A2-19EC-4C5B-BA8E-E56C77D6F853}.Debug|Any CPU.ActiveCfg = Debug|Any CPU
		{915CB8A2-19EC-4C5B-BA8E-E56C77D6F853}.Debug|Any CPU.Build.0 = Debug|Any CPU
		{915CB8A2-19EC-4C5B-BA8E-E56C77D6F853}.Release|Any CPU.ActiveCfg = Release|Any CPU
		{915CB8A2-19EC-4C5B-BA8E-E56C77D6F853}.Release|Any CPU.Build.0 = Release|Any CPU
	EndGlobalSection
	GlobalSection(SolutionProperties) = preSolution
		HideSolutionNode = FALSE
	EndGlobalSection
	GlobalSection(ExtensibilityGlobals) = postSolution
		SolutionGuid = {C43E820B-E333-4703-A6E4-98B4EBC0E9C9}
	EndGlobalSection
EndGlobal
