
Microsoft Visual Studio Solution File, Format Version 12.00
# Visual Studio Version 17
VisualStudioVersion = 17.2.32516.85
MinimumVisualStudioVersion = 10.0.40219.1
Project("{FAE04EC0-301F-11D3-BF4B-00C04F79EFBC}") = "desafio2_Portuga", "desafio2_Portuga.csproj", "{06EC3C01-8FAD-4EAF-894E-18A5DB05F1E2}"
EndProject
Global
	GlobalSection(SolutionConfigurationPlatforms) = preSolution
		Debug|Any CPU = Debug|Any CPU
		Release|Any CPU = Release|Any CPU
	EndGlobalSection
	GlobalSection(ProjectConfigurationPlatforms) = postSolution
		{06EC3C01-8FAD-4EAF-894E-18A5DB05F1E2}.Debug|Any CPU.ActiveCfg = Debug|Any CPU
		{06EC3C01-8FAD-4EAF-894E-18A5DB05F1E2}.Debug|Any CPU.Build.0 = Debug|Any CPU
		{06EC3C01-8FAD-4EAF-894E-18A5DB05F1E2}.Release|Any CPU.ActiveCfg = Release|Any CPU
		{06EC3C01-8FAD-4EAF-894E-18A5DB05F1E2}.Release|Any CPU.Build.0 = Release|Any CPU
	EndGlobalSection
	GlobalSection(SolutionProperties) = preSolution
		HideSolutionNode = FALSE
	EndGlobalSection
	GlobalSection(ExtensibilityGlobals) = postSolution
		SolutionGuid = {63EF3618-15F7-46F6-9D8E-FDC7D7306EEA}
	EndGlobalSection
EndGlobal
