
Microsoft Visual Studio Solution File, Format Version 12.00
# Visual Studio Version 17
VisualStudioVersion = 17.2.32516.85
MinimumVisualStudioVersion = 10.0.40219.1
Project("{FAE04EC0-301F-11D3-BF4B-00C04F79EFBC}") = "Aulão_Youtube", "Aulão_Youtube.csproj", "{40380021-BA34-4497-BD0D-0A7D72106E95}"
EndProject
Global
	GlobalSection(SolutionConfigurationPlatforms) = preSolution
		Debug|Any CPU = Debug|Any CPU
		Release|Any CPU = Release|Any CPU
	EndGlobalSection
	GlobalSection(ProjectConfigurationPlatforms) = postSolution
		{40380021-BA34-4497-BD0D-0A7D72106E95}.Debug|Any CPU.ActiveCfg = Debug|Any CPU
		{40380021-BA34-4497-BD0D-0A7D72106E95}.Debug|Any CPU.Build.0 = Debug|Any CPU
		{40380021-BA34-4497-BD0D-0A7D72106E95}.Release|Any CPU.ActiveCfg = Release|Any CPU
		{40380021-BA34-4497-BD0D-0A7D72106E95}.Release|Any CPU.Build.0 = Release|Any CPU
	EndGlobalSection
	GlobalSection(SolutionProperties) = preSolution
		HideSolutionNode = FALSE
	EndGlobalSection
	GlobalSection(ExtensibilityGlobals) = postSolution
		SolutionGuid = {EFD7A143-91CB-493A-8C73-DFD3DF7009C9}
	EndGlobalSection
EndGlobal
