
Microsoft Visual Studio Solution File, Format Version 12.00
# Visual Studio Version 17
VisualStudioVersion = 17.2.32516.85
MinimumVisualStudioVersion = 10.0.40219.1
Project("{FAE04EC0-301F-11D3-BF4B-00C04F79EFBC}") = "8CH_Reley", "8CH_Reley.csproj", "{FC251D88-8F3D-4FC6-9EA1-B0617C0538DA}"
EndProject
Global
	GlobalSection(SolutionConfigurationPlatforms) = preSolution
		Debug|Any CPU = Debug|Any CPU
		Release|Any CPU = Release|Any CPU
	EndGlobalSection
	GlobalSection(ProjectConfigurationPlatforms) = postSolution
		{FC251D88-8F3D-4FC6-9EA1-B0617C0538DA}.Debug|Any CPU.ActiveCfg = Debug|Any CPU
		{FC251D88-8F3D-4FC6-9EA1-B0617C0538DA}.Debug|Any CPU.Build.0 = Debug|Any CPU
		{FC251D88-8F3D-4FC6-9EA1-B0617C0538DA}.Release|Any CPU.ActiveCfg = Release|Any CPU
		{FC251D88-8F3D-4FC6-9EA1-B0617C0538DA}.Release|Any CPU.Build.0 = Release|Any CPU
	EndGlobalSection
	GlobalSection(SolutionProperties) = preSolution
		HideSolutionNode = FALSE
	EndGlobalSection
	GlobalSection(ExtensibilityGlobals) = postSolution
		SolutionGuid = {DE9423E5-E0DE-460B-85A9-50FC9CEFDF02}
	EndGlobalSection
EndGlobal
