
Microsoft Visual Studio Solution File, Format Version 12.00
# Visual Studio Version 17
VisualStudioVersion = 17.2.32516.85
MinimumVisualStudioVersion = 10.0.40219.1
Project("{FAE04EC0-301F-11D3-BF4B-00C04F79EFBC}") = "EstruturaDe Um Form", "EstruturaDe Um Form.csproj", "{73FC981F-CDC2-486A-8D67-567638964E87}"
EndProject
Global
	GlobalSection(SolutionConfigurationPlatforms) = preSolution
		Debug|Any CPU = Debug|Any CPU
		Release|Any CPU = Release|Any CPU
	EndGlobalSection
	GlobalSection(ProjectConfigurationPlatforms) = postSolution
		{73FC981F-CDC2-486A-8D67-567638964E87}.Debug|Any CPU.ActiveCfg = Debug|Any CPU
		{73FC981F-CDC2-486A-8D67-567638964E87}.Debug|Any CPU.Build.0 = Debug|Any CPU
		{73FC981F-CDC2-486A-8D67-567638964E87}.Release|Any CPU.ActiveCfg = Release|Any CPU
		{73FC981F-CDC2-486A-8D67-567638964E87}.Release|Any CPU.Build.0 = Release|Any CPU
	EndGlobalSection
	GlobalSection(SolutionProperties) = preSolution
		HideSolutionNode = FALSE
	EndGlobalSection
	GlobalSection(ExtensibilityGlobals) = postSolution
		SolutionGuid = {8B9936F7-88F8-4871-9D6E-5F7644468D3D}
	EndGlobalSection
EndGlobal
