
Microsoft Visual Studio Solution File, Format Version 12.00
# Visual Studio Version 17
VisualStudioVersion = 17.2.32516.85
MinimumVisualStudioVersion = 10.0.40219.1
Project("{FAE04EC0-301F-11D3-BF4B-00C04F79EFBC}") = "desafio3_Portuga", "desafio3_Portuga.csproj", "{A1BC7930-CEC3-4B97-BAA0-55546FC48EF7}"
EndProject
Global
	GlobalSection(SolutionConfigurationPlatforms) = preSolution
		Debug|Any CPU = Debug|Any CPU
		Release|Any CPU = Release|Any CPU
	EndGlobalSection
	GlobalSection(ProjectConfigurationPlatforms) = postSolution
		{A1BC7930-CEC3-4B97-BAA0-55546FC48EF7}.Debug|Any CPU.ActiveCfg = Debug|Any CPU
		{A1BC7930-CEC3-4B97-BAA0-55546FC48EF7}.Debug|Any CPU.Build.0 = Debug|Any CPU
		{A1BC7930-CEC3-4B97-BAA0-55546FC48EF7}.Release|Any CPU.ActiveCfg = Release|Any CPU
		{A1BC7930-CEC3-4B97-BAA0-55546FC48EF7}.Release|Any CPU.Build.0 = Release|Any CPU
	EndGlobalSection
	GlobalSection(SolutionProperties) = preSolution
		HideSolutionNode = FALSE
	EndGlobalSection
	GlobalSection(ExtensibilityGlobals) = postSolution
		SolutionGuid = {3F2B6868-4D09-4EAC-A748-3F535AED49D6}
	EndGlobalSection
EndGlobal
